// !$*UTF8*$!
{
	archiveVersion = 1;
	classes = {
	};
	objectVersion = 48;
	objects = {

/* Begin PBXBuildFile section */
		47156CEC20A977BB00F4B0A6 /* AppDelegate.swift in Sources */ = {isa = PBXBuildFile; fileRef = 47156CEB20A977BB00F4B0A6 /* AppDelegate.swift */; };
		47156CEE20A977BB00F4B0A6 /* ViewController.swift in Sources */ = {isa = PBXBuildFile; fileRef = 47156CED20A977BB00F4B0A6 /* ViewController.swift */; };
		47156CF120A977BB00F4B0A6 /* Main.storyboard in Resources */ = {isa = PBXBuildFile; fileRef = 47156CEF20A977BB00F4B0A6 /* Main.storyboard */; };
		47156CF420A977BB00F4B0A6 /* SugiFilter.xcdatamodeld in Sources */ = {isa = PBXBuildFile; fileRef = 47156CF220A977BB00F4B0A6 /* SugiFilter.xcdatamodeld */; };
		47156CF620A977BB00F4B0A6 /* Assets.xcassets in Resources */ = {isa = PBXBuildFile; fileRef = 47156CF520A977BB00F4B0A6 /* Assets.xcassets */; };
		47156CF920A977BB00F4B0A6 /* LaunchScreen.storyboard in Resources */ = {isa = PBXBuildFile; fileRef = 47156CF720A977BB00F4B0A6 /* LaunchScreen.storyboard */; };
		47156D0420A977BB00F4B0A6 /* SugiFilterTests.swift in Sources */ = {isa = PBXBuildFile; fileRef = 47156D0320A977BB00F4B0A6 /* SugiFilterTests.swift */; };
		47156D0F20A977BB00F4B0A6 /* SugiFilterUITests.swift in Sources */ = {isa = PBXBuildFile; fileRef = 47156D0E20A977BB00F4B0A6 /* SugiFilterUITests.swift */; };
		479D23C120A97A01000F041F /* Pods_SugiFilter.framework in Frameworks */ = {isa = PBXBuildFile; fileRef = 479D23C320A97A01000F041F /* Pods_SugiFilter.framework */; };
		479D23C220A97A01000F041F /* Pods_SugiFilterTests.framework in Frameworks */ = {isa = PBXBuildFile; fileRef = 479D23C420A97A01000F041F /* Pods_SugiFilterTests.framework */; };
		479D23C620A97AEF000F041F /* Formatter+IntegerExtensions.swift in Sources */ = {isa = PBXBuildFile; fileRef = 479D23C520A97AEF000F041F /* Formatter+IntegerExtensions.swift */; };
		479D23C820A97B02000F041F /* ProductViewModel.swift in Sources */ = {isa = PBXBuildFile; fileRef = 479D23C720A97B02000F041F /* ProductViewModel.swift */; };
		479D23CA20A97B28000F041F /* ProductResponse.swift in Sources */ = {isa = PBXBuildFile; fileRef = 479D23C920A97B28000F041F /* ProductResponse.swift */; };
		479D23CC20A97B43000F041F /* ProductRequest.swift in Sources */ = {isa = PBXBuildFile; fileRef = 479D23CB20A97B43000F041F /* ProductRequest.swift */; };
		479D23CE20A97B5E000F041F /* ProductApiEndpoints.swift in Sources */ = {isa = PBXBuildFile; fileRef = 479D23CD20A97B5E000F041F /* ProductApiEndpoints.swift */; };
		479D23D020A97B7B000F041F /* ProductApiClient.swift in Sources */ = {isa = PBXBuildFile; fileRef = 479D23CF20A97B7B000F041F /* ProductApiClient.swift */; };
		479D23D220A97B98000F041F /* ProductFilterTableViewController.swift in Sources */ = {isa = PBXBuildFile; fileRef = 479D23D120A97B98000F041F /* ProductFilterTableViewController.swift */; };
		479D23D420A97BB5000F041F /* ProductFilterSharedData.swift in Sources */ = {isa = PBXBuildFile; fileRef = 479D23D320A97BB5000F041F /* ProductFilterSharedData.swift */; };
		479D23D620A97BCB000F041F /* ProductViewController.swift in Sources */ = {isa = PBXBuildFile; fileRef = 479D23D520A97BCB000F041F /* ProductViewController.swift */; };
		479D23D820A97BE2000F041F /* ProductCollectionViewCell.swift in Sources */ = {isa = PBXBuildFile; fileRef = 479D23D720A97BE2000F041F /* ProductCollectionViewCell.swift */; };
/* End PBXBuildFile section */

/* Begin PBXContainerItemProxy section */
		47156D0020A977BB00F4B0A6 /* PBXContainerItemProxy */ = {
			isa = PBXContainerItemProxy;
			containerPortal = 47156CE020A977BB00F4B0A6 /* Project object */;
			proxyType = 1;
			remoteGlobalIDString = 47156CE720A977BB00F4B0A6;
			remoteInfo = SugiFilter;
		};
		47156D0B20A977BB00F4B0A6 /* PBXContainerItemProxy */ = {
			isa = PBXContainerItemProxy;
			containerPortal = 47156CE020A977BB00F4B0A6 /* Project object */;
			proxyType = 1;
			remoteGlobalIDString = 47156CE720A977BB00F4B0A6;
			remoteInfo = SugiFilter;
		};
/* End PBXContainerItemProxy section */

/* Begin PBXFileReference section */
		3181368211722CC1A4E4E512 /* Pods-SugiFilterTests.debug.xcconfig */ = {isa = PBXFileReference; includeInIndex = 1; lastKnownFileType = text.xcconfig; name = "Pods-SugiFilterTests.debug.xcconfig"; path = "Pods/Target Support Files/Pods-SugiFilterTests/Pods-SugiFilterTests.debug.xcconfig"; sourceTree = "<group>"; };
		47156CE820A977BB00F4B0A6 /* SugiFilter.app */ = {isa = PBXFileReference; explicitFileType = wrapper.application; includeInIndex = 0; path = SugiFilter.app; sourceTree = BUILT_PRODUCTS_DIR; };
		47156CEB20A977BB00F4B0A6 /* AppDelegate.swift */ = {isa = PBXFileReference; lastKnownFileType = sourcecode.swift; path = AppDelegate.swift; sourceTree = "<group>"; };
		47156CED20A977BB00F4B0A6 /* ViewController.swift */ = {isa = PBXFileReference; lastKnownFileType = sourcecode.swift; path = ViewController.swift; sourceTree = "<group>"; };
		47156CF020A977BB00F4B0A6 /* Base */ = {isa = PBXFileReference; lastKnownFileType = file.storyboard; name = Base; path = Base.lproj/Main.storyboard; sourceTree = "<group>"; };
		47156CF320A977BB00F4B0A6 /* SugiFilter.xcdatamodel */ = {isa = PBXFileReference; lastKnownFileType = wrapper.xcdatamodel; path = SugiFilter.xcdatamodel; sourceTree = "<group>"; };
		47156CF520A977BB00F4B0A6 /* Assets.xcassets */ = {isa = PBXFileReference; lastKnownFileType = folder.assetcatalog; path = Assets.xcassets; sourceTree = "<group>"; };
		47156CF820A977BB00F4B0A6 /* Base */ = {isa = PBXFileReference; lastKnownFileType = file.storyboard; name = Base; path = Base.lproj/LaunchScreen.storyboard; sourceTree = "<group>"; };
		47156CFA20A977BB00F4B0A6 /* Info.plist */ = {isa = PBXFileReference; lastKnownFileType = text.plist.xml; path = Info.plist; sourceTree = "<group>"; };
		47156CFF20A977BB00F4B0A6 /* SugiFilterTests.xctest */ = {isa = PBXFileReference; explicitFileType = wrapper.cfbundle; includeInIndex = 0; path = SugiFilterTests.xctest; sourceTree = BUILT_PRODUCTS_DIR; };
		47156D0320A977BB00F4B0A6 /* SugiFilterTests.swift */ = {isa = PBXFileReference; lastKnownFileType = sourcecode.swift; path = SugiFilterTests.swift; sourceTree = "<group>"; };
		47156D0520A977BB00F4B0A6 /* Info.plist */ = {isa = PBXFileReference; lastKnownFileType = text.plist.xml; path = Info.plist; sourceTree = "<group>"; };
		47156D0A20A977BB00F4B0A6 /* SugiFilterUITests.xctest */ = {isa = PBXFileReference; explicitFileType = wrapper.cfbundle; includeInIndex = 0; path = SugiFilterUITests.xctest; sourceTree = BUILT_PRODUCTS_DIR; };
		47156D0E20A977BB00F4B0A6 /* SugiFilterUITests.swift */ = {isa = PBXFileReference; lastKnownFileType = sourcecode.swift; path = SugiFilterUITests.swift; sourceTree = "<group>"; };
		47156D1020A977BB00F4B0A6 /* Info.plist */ = {isa = PBXFileReference; lastKnownFileType = text.plist.xml; path = Info.plist; sourceTree = "<group>"; };
		479D23C320A97A01000F041F /* Pods_SugiFilter.framework */ = {isa = PBXFileReference; explicitFileType = wrapper.framework; path = Pods_SugiFilter.framework; sourceTree = BUILT_PRODUCTS_DIR; };
		479D23C420A97A01000F041F /* Pods_SugiFilterTests.framework */ = {isa = PBXFileReference; explicitFileType = wrapper.framework; path = Pods_SugiFilterTests.framework; sourceTree = BUILT_PRODUCTS_DIR; };
		479D23C520A97AEF000F041F /* Formatter+IntegerExtensions.swift */ = {isa = PBXFileReference; lastKnownFileType = sourcecode.swift; path = "Formatter+IntegerExtensions.swift"; sourceTree = "<group>"; };
		479D23C720A97B02000F041F /* ProductViewModel.swift */ = {isa = PBXFileReference; lastKnownFileType = sourcecode.swift; path = ProductViewModel.swift; sourceTree = "<group>"; };
		479D23C920A97B28000F041F /* ProductResponse.swift */ = {isa = PBXFileReference; lastKnownFileType = sourcecode.swift; path = ProductResponse.swift; sourceTree = "<group>"; };
		479D23CB20A97B43000F041F /* ProductRequest.swift */ = {isa = PBXFileReference; lastKnownFileType = sourcecode.swift; path = ProductRequest.swift; sourceTree = "<group>"; };
		479D23CD20A97B5E000F041F /* ProductApiEndpoints.swift */ = {isa = PBXFileReference; lastKnownFileType = sourcecode.swift; path = ProductApiEndpoints.swift; sourceTree = "<group>"; };
		479D23CF20A97B7B000F041F /* ProductApiClient.swift */ = {isa = PBXFileReference; lastKnownFileType = sourcecode.swift; path = ProductApiClient.swift; sourceTree = "<group>"; };
		479D23D120A97B98000F041F /* ProductFilterTableViewController.swift */ = {isa = PBXFileReference; lastKnownFileType = sourcecode.swift; path = ProductFilterTableViewController.swift; sourceTree = "<group>"; };
		479D23D320A97BB5000F041F /* ProductFilterSharedData.swift */ = {isa = PBXFileReference; lastKnownFileType = sourcecode.swift; path = ProductFilterSharedData.swift; sourceTree = "<group>"; };
		479D23D520A97BCB000F041F /* ProductViewController.swift */ = {isa = PBXFileReference; lastKnownFileType = sourcecode.swift; path = ProductViewController.swift; sourceTree = "<group>"; };
		479D23D720A97BE2000F041F /* ProductCollectionViewCell.swift */ = {isa = PBXFileReference; lastKnownFileType = sourcecode.swift; path = ProductCollectionViewCell.swift; sourceTree = "<group>"; };
		537E8B5EB3CE8D0E9560B588 /* Pods-SugiFilterTests.release.xcconfig */ = {isa = PBXFileReference; includeInIndex = 1; lastKnownFileType = text.xcconfig; name = "Pods-SugiFilterTests.release.xcconfig"; path = "Pods/Target Support Files/Pods-SugiFilterTests/Pods-SugiFilterTests.release.xcconfig"; sourceTree = "<group>"; };
		F5AC1FFA232FDA297F59339F /* Pods-SugiFilter.release.xcconfig */ = {isa = PBXFileReference; includeInIndex = 1; lastKnownFileType = text.xcconfig; name = "Pods-SugiFilter.release.xcconfig"; path = "Pods/Target Support Files/Pods-SugiFilter/Pods-SugiFilter.release.xcconfig"; sourceTree = "<group>"; };
		F6A7BDED8A5E2591E4CA0E0F /* Pods-SugiFilter.debug.xcconfig */ = {isa = PBXFileReference; includeInIndex = 1; lastKnownFileType = text.xcconfig; name = "Pods-SugiFilter.debug.xcconfig"; path = "Pods/Target Support Files/Pods-SugiFilter/Pods-SugiFilter.debug.xcconfig"; sourceTree = "<group>"; };
/* End PBXFileReference section */

/* Begin PBXFrameworksBuildPhase section */
		47156CE520A977BB00F4B0A6 /* Frameworks */ = {
			isa = PBXFrameworksBuildPhase;
			buildActionMask = 2147483647;
			files = (
				479D23C120A97A01000F041F /* Pods_SugiFilter.framework in Frameworks */,
				479D23C220A97A01000F041F /* Pods_SugiFilterTests.framework in Frameworks */,
			);
			runOnlyForDeploymentPostprocessing = 0;
		};
		47156CFC20A977BB00F4B0A6 /* Frameworks */ = {
			isa = PBXFrameworksBuildPhase;
			buildActionMask = 2147483647;
			files = (
			);
			runOnlyForDeploymentPostprocessing = 0;
		};
		47156D0720A977BB00F4B0A6 /* Frameworks */ = {
			isa = PBXFrameworksBuildPhase;
			buildActionMask = 2147483647;
			files = (
			);
			runOnlyForDeploymentPostprocessing = 0;
		};
/* End PBXFrameworksBuildPhase section */

/* Begin PBXGroup section */
		02E3821CF194501CDE811D47 /* Frameworks */ = {
			isa = PBXGroup;
			children = (
				479D23C320A97A01000F041F /* Pods_SugiFilter.framework */,
				479D23C420A97A01000F041F /* Pods_SugiFilterTests.framework */,
			);
			name = Frameworks;
			sourceTree = "<group>";
		};
		47156CDF20A977BB00F4B0A6 = {
			isa = PBXGroup;
			children = (
				47156CEA20A977BB00F4B0A6 /* SugiFilter */,
				47156D0220A977BB00F4B0A6 /* SugiFilterTests */,
				47156D0D20A977BB00F4B0A6 /* SugiFilterUITests */,
				47156CE920A977BB00F4B0A6 /* Products */,
				E4C8324AC2B1F86BB1657200 /* Pods */,
				02E3821CF194501CDE811D47 /* Frameworks */,
			);
			sourceTree = "<group>";
		};
		47156CE920A977BB00F4B0A6 /* Products */ = {
			isa = PBXGroup;
			children = (
				47156CE820A977BB00F4B0A6 /* SugiFilter.app */,
				47156CFF20A977BB00F4B0A6 /* SugiFilterTests.xctest */,
				47156D0A20A977BB00F4B0A6 /* SugiFilterUITests.xctest */,
			);
			name = Products;
			sourceTree = "<group>";
		};
		47156CEA20A977BB00F4B0A6 /* SugiFilter */ = {
			isa = PBXGroup;
			children = (
				47156CEB20A977BB00F4B0A6 /* AppDelegate.swift */,
				47156CED20A977BB00F4B0A6 /* ViewController.swift */,
				47156CEF20A977BB00F4B0A6 /* Main.storyboard */,
				47156CF520A977BB00F4B0A6 /* Assets.xcassets */,
				47156CF720A977BB00F4B0A6 /* LaunchScreen.storyboard */,
				47156CFA20A977BB00F4B0A6 /* Info.plist */,
				47156CF220A977BB00F4B0A6 /* SugiFilter.xcdatamodeld */,
				479D23C520A97AEF000F041F /* Formatter+IntegerExtensions.swift */,
				479D23C720A97B02000F041F /* ProductViewModel.swift */,
				479D23C920A97B28000F041F /* ProductResponse.swift */,
				479D23CB20A97B43000F041F /* ProductRequest.swift */,
				479D23CD20A97B5E000F041F /* ProductApiEndpoints.swift */,
				479D23CF20A97B7B000F041F /* ProductApiClient.swift */,
				479D23D120A97B98000F041F /* ProductFilterTableViewController.swift */,
				479D23D320A97BB5000F041F /* ProductFilterSharedData.swift */,
				479D23D520A97BCB000F041F /* ProductViewController.swift */,
				479D23D720A97BE2000F041F /* ProductCollectionViewCell.swift */,
			);
			path = SugiFilter;
			sourceTree = "<group>";
		};
		47156D0220A977BB00F4B0A6 /* SugiFilterTests */ = {
			isa = PBXGroup;
			children = (
				47156D0320A977BB00F4B0A6 /* SugiFilterTests.swift */,
				47156D0520A977BB00F4B0A6 /* Info.plist */,
			);
			path = SugiFilterTests;
			sourceTree = "<group>";
		};
		47156D0D20A977BB00F4B0A6 /* SugiFilterUITests */ = {
			isa = PBXGroup;
			children = (
				47156D0E20A977BB00F4B0A6 /* SugiFilterUITests.swift */,
				47156D1020A977BB00F4B0A6 /* Info.plist */,
			);
			path = SugiFilterUITests;
			sourceTree = "<group>";
		};
		E4C8324AC2B1F86BB1657200 /* Pods */ = {
			isa = PBXGroup;
			children = (
				F6A7BDED8A5E2591E4CA0E0F /* Pods-SugiFilter.debug.xcconfig */,
				F5AC1FFA232FDA297F59339F /* Pods-SugiFilter.release.xcconfig */,
				3181368211722CC1A4E4E512 /* Pods-SugiFilterTests.debug.xcconfig */,
				537E8B5EB3CE8D0E9560B588 /* Pods-SugiFilterTests.release.xcconfig */,
			);
			name = Pods;
			sourceTree = "<group>";
		};
/* End PBXGroup section */

/* Begin PBXNativeTarget section */
		47156CE720A977BB00F4B0A6 /* SugiFilter */ = {
			isa = PBXNativeTarget;
			buildConfigurationList = 47156D1320A977BB00F4B0A6 /* Build configuration list for PBXNativeTarget "SugiFilter" */;
			buildPhases = (
				95A9D12C62B2CDE31CA392B9 /* [CP] Check Pods Manifest.lock */,
				47156CE420A977BB00F4B0A6 /* Sources */,
				47156CE520A977BB00F4B0A6 /* Frameworks */,
				47156CE620A977BB00F4B0A6 /* Resources */,
				7583DDCF16037D4E34979BFB /* [CP] Embed Pods Frameworks */,
				D5CDE2AEB5218C91CE692AB7 /* [CP] Copy Pods Resources */,
			);
			buildRules = (
			);
			dependencies = (
			);
			name = SugiFilter;
			productName = SugiFilter;
			productReference = 47156CE820A977BB00F4B0A6 /* SugiFilter.app */;
			productType = "com.apple.product-type.application";
		};
		47156CFE20A977BB00F4B0A6 /* SugiFilterTests */ = {
			isa = PBXNativeTarget;
			buildConfigurationList = 47156D1620A977BB00F4B0A6 /* Build configuration list for PBXNativeTarget "SugiFilterTests" */;
			buildPhases = (
				C6CBCA2C498BA98859DC1A10 /* [CP] Check Pods Manifest.lock */,
				47156CFB20A977BB00F4B0A6 /* Sources */,
				47156CFC20A977BB00F4B0A6 /* Frameworks */,
				47156CFD20A977BB00F4B0A6 /* Resources */,
				38ECE8627C60D68C7CAB87F5 /* [CP] Embed Pods Frameworks */,
				12B399B26121249445C23D57 /* [CP] Copy Pods Resources */,
			);
			buildRules = (
			);
			dependencies = (
				47156D0120A977BB00F4B0A6 /* PBXTargetDependency */,
			);
			name = SugiFilterTests;
			productName = SugiFilterTests;
			productReference = 47156CFF20A977BB00F4B0A6 /* SugiFilterTests.xctest */;
			productType = "com.apple.product-type.bundle.unit-test";
		};
		47156D0920A977BB00F4B0A6 /* SugiFilterUITests */ = {
			isa = PBXNativeTarget;
			buildConfigurationList = 47156D1920A977BB00F4B0A6 /* Build configuration list for PBXNativeTarget "SugiFilterUITests" */;
			buildPhases = (
				47156D0620A977BB00F4B0A6 /* Sources */,
				47156D0720A977BB00F4B0A6 /* Frameworks */,
				47156D0820A977BB00F4B0A6 /* Resources */,
			);
			buildRules = (
			);
			dependencies = (
				47156D0C20A977BB00F4B0A6 /* PBXTargetDependency */,
			);
			name = SugiFilterUITests;
			productName = SugiFilterUITests;
			productReference = 47156D0A20A977BB00F4B0A6 /* SugiFilterUITests.xctest */;
			productType = "com.apple.product-type.bundle.ui-testing";
		};
/* End PBXNativeTarget section */

/* Begin PBXProject section */
		47156CE020A977BB00F4B0A6 /* Project object */ = {
			isa = PBXProject;
			attributes = {
				LastSwiftUpdateCheck = 0920;
				LastUpgradeCheck = 0920;
				ORGANIZATIONNAME = "Sugi Pringgandani";
				TargetAttributes = {
					47156CE720A977BB00F4B0A6 = {
						CreatedOnToolsVersion = 9.2;
						ProvisioningStyle = Automatic;
					};
					47156CFE20A977BB00F4B0A6 = {
						CreatedOnToolsVersion = 9.2;
						ProvisioningStyle = Automatic;
						TestTargetID = 47156CE720A977BB00F4B0A6;
					};
					47156D0920A977BB00F4B0A6 = {
						CreatedOnToolsVersion = 9.2;
						ProvisioningStyle = Automatic;
						TestTargetID = 47156CE720A977BB00F4B0A6;
					};
				};
			};
			buildConfigurationList = 47156CE320A977BB00F4B0A6 /* Build configuration list for PBXProject "SugiFilter" */;
			compatibilityVersion = "Xcode 8.0";
			developmentRegion = en;
			hasScannedForEncodings = 0;
			knownRegions = (
				en,
				Base,
			);
			mainGroup = 47156CDF20A977BB00F4B0A6;
			productRefGroup = 47156CE920A977BB00F4B0A6 /* Products */;
			projectDirPath = "";
			projectRoot = "";
			targets = (
				47156CE720A977BB00F4B0A6 /* SugiFilter */,
				47156CFE20A977BB00F4B0A6 /* SugiFilterTests */,
				47156D0920A977BB00F4B0A6 /* SugiFilterUITests */,
			);
		};
/* End PBXProject section */

/* Begin PBXResourcesBuildPhase section */
		47156CE620A977BB00F4B0A6 /* Resources */ = {
			isa = PBXResourcesBuildPhase;
			buildActionMask = 2147483647;
			files = (
				47156CF920A977BB00F4B0A6 /* LaunchScreen.storyboard in Resources */,
				47156CF620A977BB00F4B0A6 /* Assets.xcassets in Resources */,
				47156CF120A977BB00F4B0A6 /* Main.storyboard in Resources */,
			);
			runOnlyForDeploymentPostprocessing = 0;
		};
		47156CFD20A977BB00F4B0A6 /* Resources */ = {
			isa = PBXResourcesBuildPhase;
			buildActionMask = 2147483647;
			files = (
			);
			runOnlyForDeploymentPostprocessing = 0;
		};
		47156D0820A977BB00F4B0A6 /* Resources */ = {
			isa = PBXResourcesBuildPhase;
			buildActionMask = 2147483647;
			files = (
			);
			runOnlyForDeploymentPostprocessing = 0;
		};
/* End PBXResourcesBuildPhase section */

/* Begin PBXShellScriptBuildPhase section */
		12B399B26121249445C23D57 /* [CP] Copy Pods Resources */ = {
			isa = PBXShellScriptBuildPhase;
			buildActionMask = 2147483647;
			files = (
			);
			inputPaths = (
			);
			name = "[CP] Copy Pods Resources";
			outputPaths = (
			);
			runOnlyForDeploymentPostprocessing = 0;
			shellPath = /bin/sh;
			shellScript = "\"${SRCROOT}/Pods/Target Support Files/Pods-SugiFilterTests/Pods-SugiFilterTests-resources.sh\"\n";
			showEnvVarsInLog = 0;
		};
		38ECE8627C60D68C7CAB87F5 /* [CP] Embed Pods Frameworks */ = {
			isa = PBXShellScriptBuildPhase;
			buildActionMask = 2147483647;
			files = (
			);
			inputPaths = (
				"${SRCROOT}/Pods/Target Support Files/Pods-SugiFilterTests/Pods-SugiFilterTests-frameworks.sh",
				"${BUILT_PRODUCTS_DIR}/RxSwift/RxSwift.framework",
				"${BUILT_PRODUCTS_DIR}/RxBlocking/RxBlocking.framework",
				"${BUILT_PRODUCTS_DIR}/RxTest/RxTest.framework",
			);
			name = "[CP] Embed Pods Frameworks";
			outputPaths = (
				"${TARGET_BUILD_DIR}/${FRAMEWORKS_FOLDER_PATH}/RxSwift.framework",
				"${TARGET_BUILD_DIR}/${FRAMEWORKS_FOLDER_PATH}/RxBlocking.framework",
				"${TARGET_BUILD_DIR}/${FRAMEWORKS_FOLDER_PATH}/RxTest.framework",
			);
			runOnlyForDeploymentPostprocessing = 0;
			shellPath = /bin/sh;
			shellScript = "\"${SRCROOT}/Pods/Target Support Files/Pods-SugiFilterTests/Pods-SugiFilterTests-frameworks.sh\"\n";
			showEnvVarsInLog = 0;
		};
		7583DDCF16037D4E34979BFB /* [CP] Embed Pods Frameworks */ = {
			isa = PBXShellScriptBuildPhase;
			buildActionMask = 2147483647;
			files = (
			);
			inputPaths = (
				"${SRCROOT}/Pods/Target Support Files/Pods-SugiFilter/Pods-SugiFilter-frameworks.sh",
				"${BUILT_PRODUCTS_DIR}/Alamofire/Alamofire.framework",
				"${BUILT_PRODUCTS_DIR}/Moya/Moya.framework",
				"${BUILT_PRODUCTS_DIR}/Moya-ObjectMapper/Moya_ObjectMapper.framework",
				"${BUILT_PRODUCTS_DIR}/ObjectMapper/ObjectMapper.framework",
				"${BUILT_PRODUCTS_DIR}/Result/Result.framework",
				"${BUILT_PRODUCTS_DIR}/RxCocoa/RxCocoa.framework",
				"${BUILT_PRODUCTS_DIR}/RxSwift/RxSwift.framework",
				"${BUILT_PRODUCTS_DIR}/SDWebImage/SDWebImage.framework",
				"${BUILT_PRODUCTS_DIR}/SwiftRangeSlider/SwiftRangeSlider.framework",
			);
			name = "[CP] Embed Pods Frameworks";
			outputPaths = (
				"${TARGET_BUILD_DIR}/${FRAMEWORKS_FOLDER_PATH}/Alamofire.framework",
				"${TARGET_BUILD_DIR}/${FRAMEWORKS_FOLDER_PATH}/Moya.framework",
				"${TARGET_BUILD_DIR}/${FRAMEWORKS_FOLDER_PATH}/Moya_ObjectMapper.framework",
				"${TARGET_BUILD_DIR}/${FRAMEWORKS_FOLDER_PATH}/ObjectMapper.framework",
				"${TARGET_BUILD_DIR}/${FRAMEWORKS_FOLDER_PATH}/Result.framework",
				"${TARGET_BUILD_DIR}/${FRAMEWORKS_FOLDER_PATH}/RxCocoa.framework",
				"${TARGET_BUILD_DIR}/${FRAMEWORKS_FOLDER_PATH}/RxSwift.framework",
				"${TARGET_BUILD_DIR}/${FRAMEWORKS_FOLDER_PATH}/SDWebImage.framework",
				"${TARGET_BUILD_DIR}/${FRAMEWORKS_FOLDER_PATH}/SwiftRangeSlider.framework",
			);
			runOnlyForDeploymentPostprocessing = 0;
			shellPath = /bin/sh;
			shellScript = "\"${SRCROOT}/Pods/Target Support Files/Pods-SugiFilter/Pods-SugiFilter-frameworks.sh\"\n";
			showEnvVarsInLog = 0;
		};
		95A9D12C62B2CDE31CA392B9 /* [CP] Check Pods Manifest.lock */ = {
			isa = PBXShellScriptBuildPhase;
			buildActionMask = 2147483647;
			files = (
			);
			inputPaths = (
				"${PODS_PODFILE_DIR_PATH}/Podfile.lock",
				"${PODS_ROOT}/Manifest.lock",
			);
			name = "[CP] Check Pods Manifest.lock";
			outputPaths = (
				"$(DERIVED_FILE_DIR)/Pods-SugiFilter-checkManifestLockResult.txt",
			);
			runOnlyForDeploymentPostprocessing = 0;
			shellPath = /bin/sh;
			shellScript = "diff \"${PODS_PODFILE_DIR_PATH}/Podfile.lock\" \"${PODS_ROOT}/Manifest.lock\" > /dev/null\nif [ $? != 0 ] ; then\n    # print error to STDERR\n    echo \"error: The sandbox is not in sync with the Podfile.lock. Run 'pod install' or update your CocoaPods installation.\" >&2\n    exit 1\nfi\n# This output is used by Xcode 'outputs' to avoid re-running this script phase.\necho \"SUCCESS\" > \"${SCRIPT_OUTPUT_FILE_0}\"\n";
			showEnvVarsInLog = 0;
		};
		C6CBCA2C498BA98859DC1A10 /* [CP] Check Pods Manifest.lock */ = {
			isa = PBXShellScriptBuildPhase;
			buildActionMask = 2147483647;
			files = (
			);
			inputPaths = (
				"${PODS_PODFILE_DIR_PATH}/Podfile.lock",
				"${PODS_ROOT}/Manifest.lock",
			);
			name = "[CP] Check Pods Manifest.lock";
			outputPaths = (
				"$(DERIVED_FILE_DIR)/Pods-SugiFilterTests-checkManifestLockResult.txt",
			);
			runOnlyForDeploymentPostprocessing = 0;
			shellPath = /bin/sh;
			shellScript = "diff \"${PODS_PODFILE_DIR_PATH}/Podfile.lock\" \"${PODS_ROOT}/Manifest.lock\" > /dev/null\nif [ $? != 0 ] ; then\n    # print error to STDERR\n    echo \"error: The sandbox is not in sync with the Podfile.lock. Run 'pod install' or update your CocoaPods installation.\" >&2\n    exit 1\nfi\n# This output is used by Xcode 'outputs' to avoid re-running this script phase.\necho \"SUCCESS\" > \"${SCRIPT_OUTPUT_FILE_0}\"\n";
			showEnvVarsInLog = 0;
		};
		D5CDE2AEB5218C91CE692AB7 /* [CP] Copy Pods Resources */ = {
			isa = PBXShellScriptBuildPhase;
			buildActionMask = 2147483647;
			files = (
			);
			inputPaths = (
			);
			name = "[CP] Copy Pods Resources";
			outputPaths = (
			);
			runOnlyForDeploymentPostprocessing = 0;
			shellPath = /bin/sh;
			shellScript = "\"${SRCROOT}/Pods/Target Support Files/Pods-SugiFilter/Pods-SugiFilter-resources.sh\"\n";
			showEnvVarsInLog = 0;
		};
/* End PBXShellScriptBuildPhase section */

/* Begin PBXSourcesBuildPhase section */
		47156CE420A977BB00F4B0A6 /* Sources */ = {
			isa = PBXSourcesBuildPhase;
			buildActionMask = 2147483647;
			files = (
				479D23CA20A97B28000F041F /* ProductResponse.swift in Sources */,
				479D23D020A97B7B000F041F /* ProductApiClient.swift in Sources */,
				479D23D420A97BB5000F041F /* ProductFilterSharedData.swift in Sources */,
				47156CEE20A977BB00F4B0A6 /* ViewController.swift in Sources */,
				47156CEC20A977BB00F4B0A6 /* AppDelegate.swift in Sources */,
				479D23CE20A97B5E000F041F /* ProductApiEndpoints.swift in Sources */,
				479D23D820A97BE2000F041F /* ProductCollectionViewCell.swift in Sources */,
				479D23D620A97BCB000F041F /* ProductViewController.swift in Sources */,
				47156CF420A977BB00F4B0A6 /* SugiFilter.xcdatamodeld in Sources */,
				479D23CC20A97B43000F041F /* ProductRequest.swift in Sources */,
				479D23D220A97B98000F041F /* ProductFilterTableViewController.swift in Sources */,
				479D23C620A97AEF000F041F /* Formatter+IntegerExtensions.swift in Sources */,
				479D23C820A97B02000F041F /* ProductViewModel.swift in Sources */,
			);
			runOnlyForDeploymentPostprocessing = 0;
		};
		47156CFB20A977BB00F4B0A6 /* Sources */ = {
			isa = PBXSourcesBuildPhase;
			buildActionMask = 2147483647;
			files = (
				47156D0420A977BB00F4B0A6 /* SugiFilterTests.swift in Sources */,
			);
			runOnlyForDeploymentPostprocessing = 0;
		};
		47156D0620A977BB00F4B0A6 /* Sources */ = {
			isa = PBXSourcesBuildPhase;
			buildActionMask = 2147483647;
			files = (
				47156D0F20A977BB00F4B0A6 /* SugiFilterUITests.swift in Sources */,
			);
			runOnlyForDeploymentPostprocessing = 0;
		};
/* End PBXSourcesBuildPhase section */

/* Begin PBXTargetDependency section */
		47156D0120A977BB00F4B0A6 /* PBXTargetDependency */ = {
			isa = PBXTargetDependency;
			target = 47156CE720A977BB00F4B0A6 /* SugiFilter */;
			targetProxy = 47156D0020A977BB00F4B0A6 /* PBXContainerItemProxy */;
		};
		47156D0C20A977BB00F4B0A6 /* PBXTargetDependency */ = {
			isa = PBXTargetDependency;
			target = 47156CE720A977BB00F4B0A6 /* SugiFilter */;
			targetProxy = 47156D0B20A977BB00F4B0A6 /* PBXContainerItemProxy */;
		};
/* End PBXTargetDependency section */

/* Begin PBXVariantGroup section */
		47156CEF20A977BB00F4B0A6 /* Main.storyboard */ = {
			isa = PBXVariantGroup;
			children = (
				47156CF020A977BB00F4B0A6 /* Base */,
			);
			name = Main.storyboard;
			sourceTree = "<group>";
		};
		47156CF720A977BB00F4B0A6 /* LaunchScreen.storyboard */ = {
			isa = PBXVariantGroup;
			children = (
				47156CF820A977BB00F4B0A6 /* Base */,
			);
			name = LaunchScreen.storyboard;
			sourceTree = "<group>";
		};
/* End PBXVariantGroup section */

/* Begin XCBuildConfiguration section */
		47156D1120A977BB00F4B0A6 /* Debug */ = {
			isa = XCBuildConfiguration;
			buildSettings = {
				ALWAYS_SEARCH_USER_PATHS = NO;
				CLANG_ANALYZER_NONNULL = YES;
				CLANG_ANALYZER_NUMBER_OBJECT_CONVERSION = YES_AGGRESSIVE;
				CLANG_CXX_LANGUAGE_STANDARD = "gnu++14";
				CLANG_CXX_LIBRARY = "libc++";
				CLANG_ENABLE_MODULES = YES;
				CLANG_ENABLE_OBJC_ARC = YES;
				CLANG_WARN_BLOCK_CAPTURE_AUTORELEASING = YES;
				CLANG_WARN_BOOL_CONVERSION = YES;
				CLANG_WARN_COMMA = YES;
				CLANG_WARN_CONSTANT_CONVERSION = YES;
				CLANG_WARN_DIRECT_OBJC_ISA_USAGE = YES_ERROR;
				CLANG_WARN_DOCUMENTATION_COMMENTS = YES;
				CLANG_WARN_EMPTY_BODY = YES;
				CLANG_WARN_ENUM_CONVERSION = YES;
				CLANG_WARN_INFINITE_RECURSION = YES;
				CLANG_WARN_INT_CONVERSION = YES;
				CLANG_WARN_NON_LITERAL_NULL_CONVERSION = YES;
				CLANG_WARN_OBJC_LITERAL_CONVERSION = YES;
				CLANG_WARN_OBJC_ROOT_CLASS = YES_ERROR;
				CLANG_WARN_RANGE_LOOP_ANALYSIS = YES;
				CLANG_WARN_STRICT_PROTOTYPES = YES;
				CLANG_WARN_SUSPICIOUS_MOVE = YES;
				CLANG_WARN_UNGUARDED_AVAILABILITY = YES_AGGRESSIVE;
				CLANG_WARN_UNREACHABLE_CODE = YES;
				CLANG_WARN__DUPLICATE_METHOD_MATCH = YES;
				CODE_SIGN_IDENTITY = "iPhone Developer";
				COPY_PHASE_STRIP = NO;
				DEBUG_INFORMATION_FORMAT = dwarf;
				ENABLE_STRICT_OBJC_MSGSEND = YES;
				ENABLE_TESTABILITY = YES;
				GCC_C_LANGUAGE_STANDARD = gnu11;
				GCC_DYNAMIC_NO_PIC = NO;
				GCC_NO_COMMON_BLOCKS = YES;
				GCC_OPTIMIZATION_LEVEL = 0;
				GCC_PREPROCESSOR_DEFINITIONS = (
					"DEBUG=1",
					"$(inherited)",
				);
				GCC_WARN_64_TO_32_BIT_CONVERSION = YES;
				GCC_WARN_ABOUT_RETURN_TYPE = YES_ERROR;
				GCC_WARN_UNDECLARED_SELECTOR = YES;
				GCC_WARN_UNINITIALIZED_AUTOS = YES_AGGRESSIVE;
				GCC_WARN_UNUSED_FUNCTION = YES;
				GCC_WARN_UNUSED_VARIABLE = YES;
				IPHONEOS_DEPLOYMENT_TARGET = 11.2;
				MTL_ENABLE_DEBUG_INFO = YES;
				ONLY_ACTIVE_ARCH = YES;
				SDKROOT = iphoneos;
				SWIFT_ACTIVE_COMPILATION_CONDITIONS = DEBUG;
				SWIFT_OPTIMIZATION_LEVEL = "-Onone";
			};
			name = Debug;
		};
		47156D1220A977BB00F4B0A6 /* Release */ = {
			isa = XCBuildConfiguration;
			buildSettings = {
				ALWAYS_SEARCH_USER_PATHS = NO;
				CLANG_ANALYZER_NONNULL = YES;
				CLANG_ANALYZER_NUMBER_OBJECT_CONVERSION = YES_AGGRESSIVE;
				CLANG_CXX_LANGUAGE_STANDARD = "gnu++14";
				CLANG_CXX_LIBRARY = "libc++";
				CLANG_ENABLE_MODULES = YES;
				CLANG_ENABLE_OBJC_ARC = YES;
				CLANG_WARN_BLOCK_CAPTURE_AUTORELEASING = YES;
				CLANG_WARN_BOOL_CONVERSION = YES;
				CLANG_WARN_COMMA = YES;
				CLANG_WARN_CONSTANT_CONVERSION = YES;
				CLANG_WARN_DIRECT_OBJC_ISA_USAGE = YES_ERROR;
				CLANG_WARN_DOCUMENTATION_COMMENTS = YES;
				CLANG_WARN_EMPTY_BODY = YES;
				CLANG_WARN_ENUM_CONVERSION = YES;
				CLANG_WARN_INFINITE_RECURSION = YES;
				CLANG_WARN_INT_CONVERSION = YES;
				CLANG_WARN_NON_LITERAL_NULL_CONVERSION = YES;
				CLANG_WARN_OBJC_LITERAL_CONVERSION = YES;
				CLANG_WARN_OBJC_ROOT_CLASS = YES_ERROR;
				CLANG_WARN_RANGE_LOOP_ANALYSIS = YES;
				CLANG_WARN_STRICT_PROTOTYPES = YES;
				CLANG_WARN_SUSPICIOUS_MOVE = YES;
				CLANG_WARN_UNGUARDED_AVAILABILITY = YES_AGGRESSIVE;
				CLANG_WARN_UNREACHABLE_CODE = YES;
				CLANG_WARN__DUPLICATE_METHOD_MATCH = YES;
				CODE_SIGN_IDENTITY = "iPhone Developer";
				COPY_PHASE_STRIP = NO;
				DEBUG_INFORMATION_FORMAT = "dwarf-with-dsym";
				ENABLE_NS_ASSERTIONS = NO;
				ENABLE_STRICT_OBJC_MSGSEND = YES;
				GCC_C_LANGUAGE_STANDARD = gnu11;
				GCC_NO_COMMON_BLOCKS = YES;
				GCC_WARN_64_TO_32_BIT_CONVERSION = YES;
				GCC_WARN_ABOUT_RETURN_TYPE = YES_ERROR;
				GCC_WARN_UNDECLARED_SELECTOR = YES;
				GCC_WARN_UNINITIALIZED_AUTOS = YES_AGGRESSIVE;
				GCC_WARN_UNUSED_FUNCTION = YES;
				GCC_WARN_UNUSED_VARIABLE = YES;
				IPHONEOS_DEPLOYMENT_TARGET = 11.2;
				MTL_ENABLE_DEBUG_INFO = NO;
				SDKROOT = iphoneos;
				SWIFT_OPTIMIZATION_LEVEL = "-Owholemodule";
				VALIDATE_PRODUCT = YES;
			};
			name = Release;
		};
		47156D1420A977BB00F4B0A6 /* Debug */ = {
			isa = XCBuildConfiguration;
			baseConfigurationReference = F6A7BDED8A5E2591E4CA0E0F /* Pods-SugiFilter.debug.xcconfig */;
			buildSettings = {
				ASSETCATALOG_COMPILER_APPICON_NAME = AppIcon;
				CODE_SIGN_STYLE = Automatic;
				INFOPLIST_FILE = SugiFilter/Info.plist;
				LD_RUNPATH_SEARCH_PATHS = "$(inherited) @executable_path/Frameworks";
				PRODUCT_BUNDLE_IDENTIFIER = SugiP.SugiFilter;
				PRODUCT_NAME = "$(TARGET_NAME)";
				SWIFT_VERSION = 4.0;
				TARGETED_DEVICE_FAMILY = "1,2";
			};
			name = Debug;
		};
		47156D1520A977BB00F4B0A6 /* Release */ = {
			isa = XCBuildConfiguration;
			baseConfigurationReference = F5AC1FFA232FDA297F59339F /* Pods-SugiFilter.release.xcconfig */;
			buildSettings = {
				ASSETCATALOG_COMPILER_APPICON_NAME = AppIcon;
				CODE_SIGN_STYLE = Automatic;
				INFOPLIST_FILE = SugiFilter/Info.plist;
				LD_RUNPATH_SEARCH_PATHS = "$(inherited) @executable_path/Frameworks";
				PRODUCT_BUNDLE_IDENTIFIER = SugiP.SugiFilter;
				PRODUCT_NAME = "$(TARGET_NAME)";
				SWIFT_VERSION = 4.0;
				TARGETED_DEVICE_FAMILY = "1,2";
			};
			name = Release;
		};
		47156D1720A977BB00F4B0A6 /* Debug */ = {
			isa = XCBuildConfiguration;
			baseConfigurationReference = 3181368211722CC1A4E4E512 /* Pods-SugiFilterTests.debug.xcconfig */;
			buildSettings = {
				ALWAYS_EMBED_SWIFT_STANDARD_LIBRARIES = YES;
				BUNDLE_LOADER = "$(TEST_HOST)";
				CODE_SIGN_STYLE = Automatic;
				INFOPLIST_FILE = SugiFilterTests/Info.plist;
				LD_RUNPATH_SEARCH_PATHS = "$(inherited) @executable_path/Frameworks @loader_path/Frameworks";
				PRODUCT_BUNDLE_IDENTIFIER = SugiP.SugiFilterTests;
				PRODUCT_NAME = "$(TARGET_NAME)";
				SWIFT_VERSION = 4.0;
				TARGETED_DEVICE_FAMILY = "1,2";
				TEST_HOST = "$(BUILT_PRODUCTS_DIR)/SugiFilter.app/SugiFilter";
			};
			name = Debug;
		};
		47156D1820A977BB00F4B0A6 /* Release */ = {
			isa = XCBuildConfiguration;
			baseConfigurationReference = 537E8B5EB3CE8D0E9560B588 /* Pods-SugiFilterTests.release.xcconfig */;
			buildSettings = {
				ALWAYS_EMBED_SWIFT_STANDARD_LIBRARIES = YES;
				BUNDLE_LOADER = "$(TEST_HOST)";
				CODE_SIGN_STYLE = Automatic;
				INFOPLIST_FILE = SugiFilterTests/Info.plist;
				LD_RUNPATH_SEARCH_PATHS = "$(inherited) @executable_path/Frameworks @loader_path/Frameworks";
				PRODUCT_BUNDLE_IDENTIFIER = SugiP.SugiFilterTests;
				PRODUCT_NAME = "$(TARGET_NAME)";
				SWIFT_VERSION = 4.0;
				TARGETED_DEVICE_FAMILY = "1,2";
				TEST_HOST = "$(BUILT_PRODUCTS_DIR)/SugiFilter.app/SugiFilter";
			};
			name = Release;
		};
		47156D1A20A977BB00F4B0A6 /* Debug */ = {
			isa = XCBuildConfiguration;
			buildSettings = {
				ALWAYS_EMBED_SWIFT_STANDARD_LIBRARIES = YES;
				CODE_SIGN_STYLE = Automatic;
				INFOPLIST_FILE = SugiFilterUITests/Info.plist;
				LD_RUNPATH_SEARCH_PATHS = "$(inherited) @executable_path/Frameworks @loader_path/Frameworks";
				PRODUCT_BUNDLE_IDENTIFIER = SugiP.SugiFilterUITests;
				PRODUCT_NAME = "$(TARGET_NAME)";
				SWIFT_VERSION = 4.0;
				TARGETED_DEVICE_FAMILY = "1,2";
				TEST_TARGET_NAME = SugiFilter;
			};
			name = Debug;
		};
		47156D1B20A977BB00F4B0A6 /* Release */ = {
			isa = XCBuildConfiguration;
			buildSettings = {
				ALWAYS_EMBED_SWIFT_STANDARD_LIBRARIES = YES;
				CODE_SIGN_STYLE = Automatic;
				INFOPLIST_FILE = SugiFilterUITests/Info.plist;
				LD_RUNPATH_SEARCH_PATHS = "$(inherited) @executable_path/Frameworks @loader_path/Frameworks";
				PRODUCT_BUNDLE_IDENTIFIER = SugiP.SugiFilterUITests;
				PRODUCT_NAME = "$(TARGET_NAME)";
				SWIFT_VERSION = 4.0;
				TARGETED_DEVICE_FAMILY = "1,2";
				TEST_TARGET_NAME = SugiFilter;
			};
			name = Release;
		};
/* End XCBuildConfiguration section */

/* Begin XCConfigurationList section */
		47156CE320A977BB00F4B0A6 /* Build configuration list for PBXProject "SugiFilter" */ = {
			isa = XCConfigurationList;
			buildConfigurations = (
				47156D1120A977BB00F4B0A6 /* Debug */,
				47156D1220A977BB00F4B0A6 /* Release */,
			);
			defaultConfigurationIsVisible = 0;
			defaultConfigurationName = Release;
		};
		47156D1320A977BB00F4B0A6 /* Build configuration list for PBXNativeTarget "SugiFilter" */ = {
			isa = XCConfigurationList;
			buildConfigurations = (
				47156D1420A977BB00F4B0A6 /* Debug */,
				47156D1520A977BB00F4B0A6 /* Release */,
			);
			defaultConfigurationIsVisible = 0;
			defaultConfigurationName = Release;
		};
		47156D1620A977BB00F4B0A6 /* Build configuration list for PBXNativeTarget "SugiFilterTests" */ = {
			isa = XCConfigurationList;
			buildConfigurations = (
				47156D1720A977BB00F4B0A6 /* Debug */,
				47156D1820A977BB00F4B0A6 /* Release */,
			);
			defaultConfigurationIsVisible = 0;
			defaultConfigurationName = Release;
		};
		47156D1920A977BB00F4B0A6 /* Build configuration list for PBXNativeTarget "SugiFilterUITests" */ = {
			isa = XCConfigurationList;
			buildConfigurations = (
				47156D1A20A977BB00F4B0A6 /* Debug */,
				47156D1B20A977BB00F4B0A6 /* Release */,
			);
			defaultConfigurationIsVisible = 0;
			defaultConfigurationName = Release;
		};
/* End XCConfigurationList section */

/* Begin XCVersionGroup section */
		47156CF220A977BB00F4B0A6 /* SugiFilter.xcdatamodeld */ = {
			isa = XCVersionGroup;
			children = (
				47156CF320A977BB00F4B0A6 /* SugiFilter.xcdatamodel */,
			);
			currentVersion = 47156CF320A977BB00F4B0A6 /* SugiFilter.xcdatamodel */;
			path = SugiFilter.xcdatamodeld;
			sourceTree = "<group>";
			versionGroupType = wrapper.xcdatamodel;
		};
/* End XCVersionGroup section */
	};
	rootObject = 47156CE020A977BB00F4B0A6 /* Project object */;
}
